
Microsoft Visual Studio Solution File, Format Version 12.00
# Visual Studio 15
VisualStudioVersion = 15.0.28307.1321
MinimumVisualStudioVersion = 10.0.40219.1
Project("{FAE04EC0-301F-11D3-BF4B-00C04F79EFBC}") = "KYPCenterManagement", "KYPCenterManagement\KYPCenterManagement.csproj", "{FD939083-20A1-42E4-BD7E-04FAA21C7D07}"
EndProject
Global
	GlobalSection(SolutionConfigurationPlatforms) = preSolution
		Debug|Any CPU = Debug|Any CPU
		Release|Any CPU = Release|Any CPU
	EndGlobalSection
	GlobalSection(ProjectConfigurationPlatforms) = postSolution
		{FD939083-20A1-42E4-BD7E-04FAA21C7D07}.Debug|Any CPU.ActiveCfg = Debug|Any CPU
		{FD939083-20A1-42E4-BD7E-04FAA21C7D07}.Debug|Any CPU.Build.0 = Debug|Any CPU
		{FD939083-20A1-42E4-BD7E-04FAA21C7D07}.Release|Any CPU.ActiveCfg = Release|Any CPU
		{FD939083-20A1-42E4-BD7E-04FAA21C7D07}.Release|Any CPU.Build.0 = Release|Any CPU
	EndGlobalSection
	GlobalSection(SolutionProperties) = preSolution
		HideSolutionNode = FALSE
	EndGlobalSection
	GlobalSection(ExtensibilityGlobals) = postSolution
		SolutionGuid = {38F17C66-620F-41A2-9B14-8783F0FE0479}
	EndGlobalSection
EndGlobal
